
Microsoft Visual Studio Solution File, Format Version 12.00
# Visual Studio Version 17
VisualStudioVersion = 17.10.34928.147
MinimumVisualStudioVersion = 10.0.40219.1
Project("{FAE04EC0-301F-11D3-BF4B-00C04F79EFBC}") = "memoapp", "memoapp\memoapp.csproj", "{6A9232A6-7144-4354-8F8A-B440B70E2DAD}"
EndProject
Global
	GlobalSection(SolutionConfigurationPlatforms) = preSolution
		Debug|Any CPU = Debug|Any CPU
		Release|Any CPU = Release|Any CPU
	EndGlobalSection
	GlobalSection(ProjectConfigurationPlatforms) = postSolution
		{6A9232A6-7144-4354-8F8A-B440B70E2DAD}.Debug|Any CPU.ActiveCfg = Debug|Any CPU
		{6A9232A6-7144-4354-8F8A-B440B70E2DAD}.Debug|Any CPU.Build.0 = Debug|Any CPU
		{6A9232A6-7144-4354-8F8A-B440B70E2DAD}.Release|Any CPU.ActiveCfg = Release|Any CPU
		{6A9232A6-7144-4354-8F8A-B440B70E2DAD}.Release|Any CPU.Build.0 = Release|Any CPU
	EndGlobalSection
	GlobalSection(SolutionProperties) = preSolution
		HideSolutionNode = FALSE
	EndGlobalSection
	GlobalSection(ExtensibilityGlobals) = postSolution
		SolutionGuid = {A16BB0ED-1619-4CBD-9CE2-96A3E38D07A0}
	EndGlobalSection
EndGlobal
